
Microsoft Visual Studio Solution File, Format Version 12.00
# Visual Studio Version 17
VisualStudioVersion = 17.11.35312.102
MinimumVisualStudioVersion = 10.0.40219.1
Project("{9A19103F-16F7-4668-BE54-9A1E7A4F7556}") = "PoCTestContainer.API", "src\PoCTestContainer.API\PoCTestContainer.API.csproj", "{B3F03EAE-1499-42C7-8C7D-A4F256FC43EA}"
EndProject
Project("{9A19103F-16F7-4668-BE54-9A1E7A4F7556}") = "PoCTestContainer.Unit.Test", "tests\PoCTestContainer.Unit.Test\PoCTestContainer.Unit.Test.csproj", "{E7E380F6-A813-446C-96EB-FDC67254E766}"
EndProject
Project("{9A19103F-16F7-4668-BE54-9A1E7A4F7556}") = "PoCTestContainer.EndToEnd.Test", "tests\PoCTestContainer.EndToEnd.Test\PoCTestContainer.EndToEnd.Test.csproj", "{5C653890-14DD-488B-B82F-24C7C8BF5E17}"
EndProject
Project("{2150E333-8FDC-42A3-9474-1A3956D46DE8}") = "src", "src", "{300A2A7D-A5E7-48B4-B526-F0AFA37DFCFB}"
EndProject
Project("{2150E333-8FDC-42A3-9474-1A3956D46DE8}") = "tests", "tests", "{BA7A230F-7F5C-42D0-8119-D5D61F14EA0E}"
EndProject
Global
	GlobalSection(SolutionConfigurationPlatforms) = preSolution
		Debug|Any CPU = Debug|Any CPU
		Release|Any CPU = Release|Any CPU
	EndGlobalSection
	GlobalSection(ProjectConfigurationPlatforms) = postSolution
		{B3F03EAE-1499-42C7-8C7D-A4F256FC43EA}.Debug|Any CPU.ActiveCfg = Debug|Any CPU
		{B3F03EAE-1499-42C7-8C7D-A4F256FC43EA}.Debug|Any CPU.Build.0 = Debug|Any CPU
		{B3F03EAE-1499-42C7-8C7D-A4F256FC43EA}.Release|Any CPU.ActiveCfg = Release|Any CPU
		{B3F03EAE-1499-42C7-8C7D-A4F256FC43EA}.Release|Any CPU.Build.0 = Release|Any CPU
		{E7E380F6-A813-446C-96EB-FDC67254E766}.Debug|Any CPU.ActiveCfg = Debug|Any CPU
		{E7E380F6-A813-446C-96EB-FDC67254E766}.Debug|Any CPU.Build.0 = Debug|Any CPU
		{E7E380F6-A813-446C-96EB-FDC67254E766}.Release|Any CPU.ActiveCfg = Release|Any CPU
		{E7E380F6-A813-446C-96EB-FDC67254E766}.Release|Any CPU.Build.0 = Release|Any CPU
		{5C653890-14DD-488B-B82F-24C7C8BF5E17}.Debug|Any CPU.ActiveCfg = Debug|Any CPU
		{5C653890-14DD-488B-B82F-24C7C8BF5E17}.Debug|Any CPU.Build.0 = Debug|Any CPU
		{5C653890-14DD-488B-B82F-24C7C8BF5E17}.Release|Any CPU.ActiveCfg = Release|Any CPU
		{5C653890-14DD-488B-B82F-24C7C8BF5E17}.Release|Any CPU.Build.0 = Release|Any CPU
	EndGlobalSection
	GlobalSection(SolutionProperties) = preSolution
		HideSolutionNode = FALSE
	EndGlobalSection
	GlobalSection(NestedProjects) = preSolution
		{B3F03EAE-1499-42C7-8C7D-A4F256FC43EA} = {300A2A7D-A5E7-48B4-B526-F0AFA37DFCFB}
		{E7E380F6-A813-446C-96EB-FDC67254E766} = {BA7A230F-7F5C-42D0-8119-D5D61F14EA0E}
		{5C653890-14DD-488B-B82F-24C7C8BF5E17} = {BA7A230F-7F5C-42D0-8119-D5D61F14EA0E}
	EndGlobalSection
	GlobalSection(ExtensibilityGlobals) = postSolution
		SolutionGuid = {A82EC04C-782A-4B1E-8347-2CA30BCFABD9}
	EndGlobalSection
EndGlobal
